
Microsoft Visual Studio Solution File, Format Version 12.00
# Visual Studio Version 17
VisualStudioVersion = 17.8.34525.116
MinimumVisualStudioVersion = 10.0.40219.1
Project("{FAE04EC0-301F-11D3-BF4B-00C04F79EFBC}") = "TennisSatisfaction", "TennisSatisfaction.csproj", "{D06550A6-67FD-49D3-A1D1-5C0342C66F7A}"
EndProject
Global
	GlobalSection(SolutionConfigurationPlatforms) = preSolution
		Debug|Any CPU = Debug|Any CPU
		Release|Any CPU = Release|Any CPU
	EndGlobalSection
	GlobalSection(ProjectConfigurationPlatforms) = postSolution
		{D06550A6-67FD-49D3-A1D1-5C0342C66F7A}.Debug|Any CPU.ActiveCfg = Debug|Any CPU
		{D06550A6-67FD-49D3-A1D1-5C0342C66F7A}.Debug|Any CPU.Build.0 = Debug|Any CPU
		{D06550A6-67FD-49D3-A1D1-5C0342C66F7A}.Release|Any CPU.ActiveCfg = Release|Any CPU
		{D06550A6-67FD-49D3-A1D1-5C0342C66F7A}.Release|Any CPU.Build.0 = Release|Any CPU
	EndGlobalSection
	GlobalSection(SolutionProperties) = preSolution
		HideSolutionNode = FALSE
	EndGlobalSection
	GlobalSection(ExtensibilityGlobals) = postSolution
		SolutionGuid = {8B065431-F6DF-4E39-B123-F004A08E6AC1}
	EndGlobalSection
EndGlobal
